
Microsoft Visual Studio Solution File, Format Version 12.00
# Visual Studio Version 16
VisualStudioVersion = 16.0.28531.58
MinimumVisualStudioVersion = 10.0.40219.1
Project("{9A19103F-16F7-4668-BE54-9A1E7A4F7556}") = "EhTagClient", "EhTagClient\EhTagClient.csproj", "{352A8244-E823-45FB-9C03-C7A056C99664}"
EndProject
Project("{9A19103F-16F7-4668-BE54-9A1E7A4F7556}") = "EhTagApi", "EhTagApi\EhTagApi.csproj", "{47FE578F-7189-4861-8B6B-EC08890EE6C4}"
EndProject
Project("{2150E333-8FDC-42A3-9474-1A3956D46DE8}") = "Solution Items", "Solution Items", "{69AE5F00-17DD-4B5F-AF51-A4FE2533F611}"
	ProjectSection(SolutionItems) = preProject
		README.md = README.md
	EndProjectSection
EndProject
Project("{9A19103F-16F7-4668-BE54-9A1E7A4F7556}") = "EhDbReleaseBuilder", "EhDbReleaseBuilder\EhDbReleaseBuilder.csproj", "{44D148EC-770A-4A99-A882-5464C0C9CE1A}"
EndProject
Global
	GlobalSection(SolutionConfigurationPlatforms) = preSolution
		Debug|Any CPU = Debug|Any CPU
		Debug|ARM = Debug|ARM
		Debug|x64 = Debug|x64
		Debug|x86 = Debug|x86
		Release|Any CPU = Release|Any CPU
		Release|ARM = Release|ARM
		Release|x64 = Release|x64
		Release|x86 = Release|x86
	EndGlobalSection
	GlobalSection(ProjectConfigurationPlatforms) = postSolution
		{352A8244-E823-45FB-9C03-C7A056C99664}.Debug|Any CPU.ActiveCfg = Debug|Any CPU
		{352A8244-E823-45FB-9C03-C7A056C99664}.Debug|Any CPU.Build.0 = Debug|Any CPU
		{352A8244-E823-45FB-9C03-C7A056C99664}.Debug|ARM.ActiveCfg = Debug|Any CPU
		{352A8244-E823-45FB-9C03-C7A056C99664}.Debug|ARM.Build.0 = Debug|Any CPU
		{352A8244-E823-45FB-9C03-C7A056C99664}.Debug|x64.ActiveCfg = Debug|Any CPU
		{352A8244-E823-45FB-9C03-C7A056C99664}.Debug|x64.Build.0 = Debug|Any CPU
		{352A8244-E823-45FB-9C03-C7A056C99664}.Debug|x86.ActiveCfg = Debug|Any CPU
		{352A8244-E823-45FB-9C03-C7A056C99664}.Debug|x86.Build.0 = Debug|Any CPU
		{352A8244-E823-45FB-9C03-C7A056C99664}.Release|Any CPU.ActiveCfg = Release|Any CPU
		{352A8244-E823-45FB-9C03-C7A056C99664}.Release|Any CPU.Build.0 = Release|Any CPU
		{352A8244-E823-45FB-9C03-C7A056C99664}.Release|ARM.ActiveCfg = Release|Any CPU
		{352A8244-E823-45FB-9C03-C7A056C99664}.Release|ARM.Build.0 = Release|Any CPU
		{352A8244-E823-45FB-9C03-C7A056C99664}.Release|x64.ActiveCfg = Release|Any CPU
		{352A8244-E823-45FB-9C03-C7A056C99664}.Release|x64.Build.0 = Release|Any CPU
		{352A8244-E823-45FB-9C03-C7A056C99664}.Release|x86.ActiveCfg = Release|Any CPU
		{352A8244-E823-45FB-9C03-C7A056C99664}.Release|x86.Build.0 = Release|Any CPU
		{47FE578F-7189-4861-8B6B-EC08890EE6C4}.Debug|Any CPU.ActiveCfg = Debug|Any CPU
		{47FE578F-7189-4861-8B6B-EC08890EE6C4}.Debug|Any CPU.Build.0 = Debug|Any CPU
		{47FE578F-7189-4861-8B6B-EC08890EE6C4}.Debug|ARM.ActiveCfg = Debug|Any CPU
		{47FE578F-7189-4861-8B6B-EC08890EE6C4}.Debug|ARM.Build.0 = Debug|Any CPU
		{47FE578F-7189-4861-8B6B-EC08890EE6C4}.Debug|x64.ActiveCfg = Debug|Any CPU
		{47FE578F-7189-4861-8B6B-EC08890EE6C4}.Debug|x64.Build.0 = Debug|Any CPU
		{47FE578F-7189-4861-8B6B-EC08890EE6C4}.Debug|x86.ActiveCfg = Debug|Any CPU
		{47FE578F-7189-4861-8B6B-EC08890EE6C4}.Debug|x86.Build.0 = Debug|Any CPU
		{47FE578F-7189-4861-8B6B-EC08890EE6C4}.Release|Any CPU.ActiveCfg = Release|Any CPU
		{47FE578F-7189-4861-8B6B-EC08890EE6C4}.Release|Any CPU.Build.0 = Release|Any CPU
		{47FE578F-7189-4861-8B6B-EC08890EE6C4}.Release|ARM.ActiveCfg = Release|Any CPU
		{47FE578F-7189-4861-8B6B-EC08890EE6C4}.Release|ARM.Build.0 = Release|Any CPU
		{47FE578F-7189-4861-8B6B-EC08890EE6C4}.Release|x64.ActiveCfg = Release|Any CPU
		{47FE578F-7189-4861-8B6B-EC08890EE6C4}.Release|x64.Build.0 = Release|Any CPU
		{47FE578F-7189-4861-8B6B-EC08890EE6C4}.Release|x86.ActiveCfg = Release|Any CPU
		{47FE578F-7189-4861-8B6B-EC08890EE6C4}.Release|x86.Build.0 = Release|Any CPU
		{44D148EC-770A-4A99-A882-5464C0C9CE1A}.Debug|Any CPU.ActiveCfg = Debug|Any CPU
		{44D148EC-770A-4A99-A882-5464C0C9CE1A}.Debug|Any CPU.Build.0 = Debug|Any CPU
		{44D148EC-770A-4A99-A882-5464C0C9CE1A}.Debug|ARM.ActiveCfg = Debug|Any CPU
		{44D148EC-770A-4A99-A882-5464C0C9CE1A}.Debug|ARM.Build.0 = Debug|Any CPU
		{44D148EC-770A-4A99-A882-5464C0C9CE1A}.Debug|x64.ActiveCfg = Debug|Any CPU
		{44D148EC-770A-4A99-A882-5464C0C9CE1A}.Debug|x64.Build.0 = Debug|Any CPU
		{44D148EC-770A-4A99-A882-5464C0C9CE1A}.Debug|x86.ActiveCfg = Debug|Any CPU
		{44D148EC-770A-4A99-A882-5464C0C9CE1A}.Debug|x86.Build.0 = Debug|Any CPU
		{44D148EC-770A-4A99-A882-5464C0C9CE1A}.Release|Any CPU.ActiveCfg = Release|Any CPU
		{44D148EC-770A-4A99-A882-5464C0C9CE1A}.Release|Any CPU.Build.0 = Release|Any CPU
		{44D148EC-770A-4A99-A882-5464C0C9CE1A}.Release|ARM.ActiveCfg = Release|Any CPU
		{44D148EC-770A-4A99-A882-5464C0C9CE1A}.Release|ARM.Build.0 = Release|Any CPU
		{44D148EC-770A-4A99-A882-5464C0C9CE1A}.Release|x64.ActiveCfg = Release|Any CPU
		{44D148EC-770A-4A99-A882-5464C0C9CE1A}.Release|x64.Build.0 = Release|Any CPU
		{44D148EC-770A-4A99-A882-5464C0C9CE1A}.Release|x86.ActiveCfg = Release|Any CPU
		{44D148EC-770A-4A99-A882-5464C0C9CE1A}.Release|x86.Build.0 = Release|Any CPU
	EndGlobalSection
	GlobalSection(SolutionProperties) = preSolution
		HideSolutionNode = FALSE
	EndGlobalSection
	GlobalSection(ExtensibilityGlobals) = postSolution
		SolutionGuid = {F805E8A1-DB55-4DC0-B700-CCC6D9E1B8BA}
	EndGlobalSection
EndGlobal
